
Microsoft Visual Studio Solution File, Format Version 12.00
# Visual Studio Version 17
VisualStudioVersion = 17.1.32319.34
MinimumVisualStudioVersion = 10.0.40219.1
Project("{FAE04EC0-301F-11D3-BF4B-00C04F79EFBC}") = "MultiThreadedApp", "MultiThreadedApp.csproj", "{E7CED111-12F5-42C3-B17B-23A59FC83A4A}"
EndProject
Global
	GlobalSection(SolutionConfigurationPlatforms) = preSolution
		Debug|Any CPU = Debug|Any CPU
		Release|Any CPU = Release|Any CPU
	EndGlobalSection
	GlobalSection(ProjectConfigurationPlatforms) = postSolution
		{E7CED111-12F5-42C3-B17B-23A59FC83A4A}.Debug|Any CPU.ActiveCfg = Debug|Any CPU
		{E7CED111-12F5-42C3-B17B-23A59FC83A4A}.Debug|Any CPU.Build.0 = Debug|Any CPU
		{E7CED111-12F5-42C3-B17B-23A59FC83A4A}.Release|Any CPU.ActiveCfg = Release|Any CPU
		{E7CED111-12F5-42C3-B17B-23A59FC83A4A}.Release|Any CPU.Build.0 = Release|Any CPU
	EndGlobalSection
	GlobalSection(SolutionProperties) = preSolution
		HideSolutionNode = FALSE
	EndGlobalSection
	GlobalSection(ExtensibilityGlobals) = postSolution
		SolutionGuid = {1E713E1C-5C11-4FB0-A050-768B6617F501}
	EndGlobalSection
EndGlobal
