
Microsoft Visual Studio Solution File, Format Version 12.00
# Visual Studio Version 17
VisualStudioVersion = 17.4.33403.182
MinimumVisualStudioVersion = 10.0.40219.1
Project("{FAE04EC0-301F-11D3-BF4B-00C04F79EFBC}") = "lab5-2023-afkfish", "lab5-2023-afkfish\lab5-2023-afkfish.csproj", "{174D6625-5ED1-412F-AA68-C985F03ACFAA}"
EndProject
Global
	GlobalSection(SolutionConfigurationPlatforms) = preSolution
		Debug|Any CPU = Debug|Any CPU
		Release|Any CPU = Release|Any CPU
	EndGlobalSection
	GlobalSection(ProjectConfigurationPlatforms) = postSolution
		{174D6625-5ED1-412F-AA68-C985F03ACFAA}.Debug|Any CPU.ActiveCfg = Debug|Any CPU
		{174D6625-5ED1-412F-AA68-C985F03ACFAA}.Debug|Any CPU.Build.0 = Debug|Any CPU
		{174D6625-5ED1-412F-AA68-C985F03ACFAA}.Release|Any CPU.ActiveCfg = Release|Any CPU
		{174D6625-5ED1-412F-AA68-C985F03ACFAA}.Release|Any CPU.Build.0 = Release|Any CPU
	EndGlobalSection
	GlobalSection(SolutionProperties) = preSolution
		HideSolutionNode = FALSE
	EndGlobalSection
	GlobalSection(ExtensibilityGlobals) = postSolution
		SolutionGuid = {D39CD360-C0FA-4459-8EF5-549014945FD8}
	EndGlobalSection
EndGlobal
